<?xml version="1.0" encoding="UTF-8" standalone="yes" ?>
<CodeBlocks_project_file>
	<FileVersion major="1" minor="6" />
	<Project>
		<Option title="hybris" />
		<Option makefile_is_custom="1" />
		<Option pch_mode="2" />
		<Option compiler="gcc" />
		<Build>
			<Target title="all">
				<Option output="hybris" prefix_auto="1" extension_auto="1" />
				<Option object_output="obj/Release/" />
				<Option type="1" />
				<Option compiler="gcc" />
				<Compiler>
					<Add option="-O2" />
				</Compiler>
				<Linker>
					<Add option="-s" />
				</Linker>
			</Target>
			<Target title="clean">
				<Option output="hybris" prefix_auto="1" extension_auto="1" />
				<Option type="1" />
				<Option compiler="gcc" />
				<Option use_console_runner="0" />
			</Target>
		</Build>
		<Compiler>
			<Add option="-Wall" />
		</Compiler>
		<Unit filename="include/common.h">
			<Option target="all" />
		</Unit>
		<Unit filename="include/context.h" />
		<Unit filename="include/engine.h" />
		<Unit filename="include/hashtable.h" />
		<Unit filename="include/hybris.h" />
		<Unit filename="include/map.h">
			<Option target="all" />
		</Unit>
		<Unit filename="include/node.h">
			<Option target="all" />
		</Unit>
		<Unit filename="include/object.h">
			<Option target="all" />
		</Unit>
		<Unit filename="include/tree.h">
			<Option target="all" />
		</Unit>
		<Unit filename="include/vcode.h" />
		<Unit filename="include/vmem.h">
			<Option target="all" />
		</Unit>
		<Unit filename="src/builtins/array.cc">
			<Option target="all" />
		</Unit>
		<Unit filename="src/builtins/conio.cc">
			<Option target="all" />
		</Unit>
		<Unit filename="src/builtins/dll.cc">
			<Option target="all" />
		</Unit>
		<Unit filename="src/builtins/encoding.cc" />
		<Unit filename="src/builtins/fileio.cc">
			<Option target="all" />
		</Unit>
		<Unit filename="src/builtins/http.cc">
			<Option target="all" />
		</Unit>
		<Unit filename="src/builtins/map.cc">
			<Option target="all" />
		</Unit>
		<Unit filename="src/builtins/math.cc">
			<Option target="all" />
		</Unit>
		<Unit filename="src/builtins/matrix.cc" />
		<Unit filename="src/builtins/netio.cc">
			<Option target="all" />
		</Unit>
		<Unit filename="src/builtins/pcre.cc">
			<Option target="all" />
		</Unit>
		<Unit filename="src/builtins/process.cc">
			<Option target="all" />
		</Unit>
		<Unit filename="src/builtins/pthreads.cc" />
		<Unit filename="src/builtins/reflection.cc">
			<Option target="all" />
		</Unit>
		<Unit filename="src/builtins/string.cc">
			<Option target="all" />
		</Unit>
		<Unit filename="src/builtins/time.cc">
			<Option target="all" />
		</Unit>
		<Unit filename="src/builtins/type.cc">
			<Option target="all" />
		</Unit>
		<Unit filename="src/builtins/xml.cc">
			<Option target="all" />
		</Unit>
		<Unit filename="src/common.cpp">
			<Option target="all" />
		</Unit>
		<Unit filename="src/context.cpp" />
		<Unit filename="src/engine.cpp" />
		<Unit filename="src/hashtable.cpp" />
		<Unit filename="src/lexer.l.cpp">
			<Option target="all" />
		</Unit>
		<Unit filename="src/node.cpp">
			<Option target="all" />
		</Unit>
		<Unit filename="src/object.cpp">
			<Option target="all" />
		</Unit>
		<Unit filename="src/parser.y.cpp">
			<Option target="all" />
		</Unit>
		<Unit filename="src/tree.cpp">
			<Option target="all" />
		</Unit>
		<Unit filename="src/vcode.cpp" />
		<Unit filename="src/vmem.cpp">
			<Option target="all" />
		</Unit>
		<Extensions>
			<code_completion />
			<debugger />
			<envvars />
		</Extensions>
	</Project>
</CodeBlocks_project_file>
