<?xml version="1.0" encoding="UTF-8" standalone="yes" ?>
<CodeBlocks_project_file>
	<FileVersion major="1" minor="6" />
	<Project>
		<Option title="hybris" />
		<Option makefile_is_custom="1" />
		<Option pch_mode="2" />
		<Option compiler="gcc" />
		<Build>
			<Target title="all">
				<Option output="bin/Release/hybris" prefix_auto="1" extension_auto="1" />
				<Option object_output="obj/Release/" />
				<Option type="1" />
				<Option compiler="gcc" />
				<Compiler>
					<Add option="-O2" />
				</Compiler>
				<Linker>
					<Add option="-s" />
				</Linker>
			</Target>
			<Target title="clean">
				<Option output="hybris" prefix_auto="1" extension_auto="1" />
				<Option type="1" />
				<Option compiler="gcc" />
				<Option use_console_runner="0" />
			</Target>
		</Build>
		<Compiler>
			<Add option="-Wall" />
		</Compiler>
		<Unit filename="Makefile" />
		<Unit filename="examples/alias.hs">
			<Option target="all" />
		</Unit>
		<Unit filename="examples/alias_as_ptr.hs">
			<Option target="all" />
		</Unit>
		<Unit filename="examples/array00.hs">
			<Option target="all" />
		</Unit>
		<Unit filename="examples/dll.hs">
			<Option target="all" />
		</Unit>
		<Unit filename="examples/dollar.hs">
			<Option target="all" />
		</Unit>
		<Unit filename="examples/echo_server.hs">
			<Option target="all" />
		</Unit>
		<Unit filename="examples/file.hs">
			<Option target="all" />
		</Unit>
		<Unit filename="examples/github.hs">
			<Option target="all" />
		</Unit>
		<Unit filename="examples/http.hs">
			<Option target="all" />
		</Unit>
		<Unit filename="examples/include.hs">
			<Option target="all" />
		</Unit>
		<Unit filename="examples/ipnotifier.hs">
			<Option target="all" />
		</Unit>
		<Unit filename="examples/libtest.cc">
			<Option target="all" />
		</Unit>
		<Unit filename="examples/map.hs">
			<Option target="all" />
		</Unit>
		<Unit filename="examples/pcre.hs">
			<Option target="all" />
		</Unit>
		<Unit filename="examples/pcre_operator.hs">
			<Option target="all" />
		</Unit>
		<Unit filename="examples/perfect.hs">
			<Option target="all" />
		</Unit>
		<Unit filename="examples/prime.hs">
			<Option target="all" />
		</Unit>
		<Unit filename="examples/process.hs">
			<Option target="all" />
		</Unit>
		<Unit filename="examples/readdir.hs">
			<Option target="all" />
		</Unit>
		<Unit filename="examples/reflection.hs">
			<Option target="all" />
		</Unit>
		<Unit filename="examples/ricorsiva.hs">
			<Option target="all" />
		</Unit>
		<Unit filename="examples/shell.hs">
			<Option target="all" />
		</Unit>
		<Unit filename="examples/shift.hs">
			<Option target="all" />
		</Unit>
		<Unit filename="examples/socket.hs">
			<Option target="all" />
		</Unit>
		<Unit filename="examples/stacktrace.hs">
			<Option target="all" />
		</Unit>
		<Unit filename="examples/time.hs">
			<Option target="all" />
		</Unit>
		<Unit filename="examples/type.hs">
			<Option target="all" />
		</Unit>
		<Unit filename="examples/xml.hs">
			<Option target="all" />
		</Unit>
		<Unit filename="include/builtin.h">
			<Option target="all" />
		</Unit>
		<Unit filename="include/cmdline.h">
			<Option target="all" />
		</Unit>
		<Unit filename="include/common.h">
			<Option target="all" />
		</Unit>
		<Unit filename="include/config.h" />
		<Unit filename="include/map.h">
			<Option target="all" />
		</Unit>
		<Unit filename="include/node.h">
			<Option target="all" />
		</Unit>
		<Unit filename="include/object.h">
			<Option target="all" />
		</Unit>
		<Unit filename="include/tree.h">
			<Option target="all" />
		</Unit>
		<Unit filename="include/vmem.h">
			<Option target="all" />
		</Unit>
		<Unit filename="src/builtin.cpp">
			<Option target="all" />
		</Unit>
		<Unit filename="src/builtins/array.cc">
			<Option target="all" />
		</Unit>
		<Unit filename="src/builtins/conio.cc">
			<Option target="all" />
		</Unit>
		<Unit filename="src/builtins/dll.cc">
			<Option target="all" />
		</Unit>
		<Unit filename="src/builtins/encoding.cc" />
		<Unit filename="src/builtins/fileio.cc">
			<Option target="all" />
		</Unit>
		<Unit filename="src/builtins/http.cc">
			<Option target="all" />
		</Unit>
		<Unit filename="src/builtins/map.cc">
			<Option target="all" />
		</Unit>
		<Unit filename="src/builtins/math.cc">
			<Option target="all" />
		</Unit>
		<Unit filename="src/builtins/netio.cc">
			<Option target="all" />
		</Unit>
		<Unit filename="src/builtins/pcre.cc">
			<Option target="all" />
		</Unit>
		<Unit filename="src/builtins/process.cc">
			<Option target="all" />
		</Unit>
		<Unit filename="src/builtins/pthreads.cc" />
		<Unit filename="src/builtins/reflection.cc">
			<Option target="all" />
		</Unit>
		<Unit filename="src/builtins/string.cc">
			<Option target="all" />
		</Unit>
		<Unit filename="src/builtins/time.cc">
			<Option target="all" />
		</Unit>
		<Unit filename="src/builtins/type.cc">
			<Option target="all" />
		</Unit>
		<Unit filename="src/builtins/xml.cc">
			<Option target="all" />
		</Unit>
		<Unit filename="src/cmdline.cpp">
			<Option target="all" />
		</Unit>
		<Unit filename="src/common.cpp">
			<Option target="all" />
		</Unit>
		<Unit filename="src/lexer.l.cpp">
			<Option target="all" />
		</Unit>
		<Unit filename="src/node.cpp">
			<Option target="all" />
		</Unit>
		<Unit filename="src/object.cpp">
			<Option target="all" />
		</Unit>
		<Unit filename="src/parser.y.cpp">
			<Option target="all" />
		</Unit>
		<Unit filename="src/tree.cpp">
			<Option target="all" />
		</Unit>
		<Unit filename="src/vmem.cpp">
			<Option target="all" />
		</Unit>
		<Extensions>
			<code_completion />
			<debugger />
		</Extensions>
	</Project>
</CodeBlocks_project_file>
